// !$*UTF8*$!
{
	archiveVersion = 1;
	classes = {
	};
	objectVersion = 70;
	objects = {

/* Begin PBXBuildFile section */
		4880C22C23DAD192006FABE1 /* MacBundle.bundle in Embed PlugIns */ = {isa = PBXBuildFile; fileRef = 4880C21F23DACDCD006FABE1 /* MacBundle.bundle */; platformFilter = maccatalyst; settings = {ATTRIBUTES = (CodeSignOnCopy, RemoveHeadersOnCopy, ); }; };
		C72BFEEA2B0F687E0093FD64 /* Kingfisher in Frameworks */ = {isa = PBXBuildFile; productRef = C72BFEE92B0F687E0093FD64 /* Kingfisher */; };
		C72BFEED2B0F69160093FD64 /* DITranquillity in Frameworks */ = {isa = PBXBuildFile; productRef = C72BFEEC2B0F69160093FD64 /* DITranquillity */; };
		C7B0F2CC22D6F0B100540CA9 /* WebKit.framework in Frameworks */ = {isa = PBXBuildFile; fileRef = C7B0F2CB22D6F0B100540CA9 /* WebKit.framework */; };
		C7F05CA82E4EFC45006A021F /* AppMetricaCore in Frameworks */ = {isa = PBXBuildFile; platformFilter = ios; productRef = C7F05CA72E4EFC45006A021F /* AppMetricaCore */; };
		C7F05CAA2E4EFC45006A021F /* AppMetricaCrashes in Frameworks */ = {isa = PBXBuildFile; platformFilter = ios; productRef = C7F05CA92E4EFC45006A021F /* AppMetricaCrashes */; };
/* End PBXBuildFile section */

/* Begin PBXContainerItemProxy section */
		4880C22D23DAD192006FABE1 /* PBXContainerItemProxy */ = {
			isa = PBXContainerItemProxy;
			containerPortal = C7D4623722CC73DF00E763DF /* Project object */;
			proxyType = 1;
			remoteGlobalIDString = 4880C21E23DACDCD006FABE1;
			remoteInfo = MacBundle;
		};
/* End PBXContainerItemProxy section */

/* Begin PBXCopyFilesBuildPhase section */
		4880C22F23DAD192006FABE1 /* Embed PlugIns */ = {
			isa = PBXCopyFilesBuildPhase;
			buildActionMask = 2147483647;
			dstPath = "";
			dstSubfolderSpec = 13;
			files = (
				4880C22C23DAD192006FABE1 /* MacBundle.bundle in Embed PlugIns */,
			);
			name = "Embed PlugIns";
			runOnlyForDeploymentPostprocessing = 0;
		};
/* End PBXCopyFilesBuildPhase section */

/* Begin PBXFileReference section */
		4880C21F23DACDCD006FABE1 /* MacBundle.bundle */ = {isa = PBXFileReference; explicitFileType = wrapper.cfbundle; includeInIndex = 0; path = MacBundle.bundle; sourceTree = BUILT_PRODUCTS_DIR; };
		C7B0F2CB22D6F0B100540CA9 /* WebKit.framework */ = {isa = PBXFileReference; lastKnownFileType = wrapper.framework; name = WebKit.framework; path = System/Library/Frameworks/WebKit.framework; sourceTree = SDKROOT; };
		C7D4623F22CC73DF00E763DF /* AniLiberty.app */ = {isa = PBXFileReference; explicitFileType = wrapper.application; includeInIndex = 0; path = AniLiberty.app; sourceTree = BUILT_PRODUCTS_DIR; };
/* End PBXFileReference section */

/* Begin PBXFileSystemSynchronizedBuildFileExceptionSet section */
		C72B5FAB2CB11F3B00AC89EE /* PBXFileSystemSynchronizedBuildFileExceptionSet */ = {
			isa = PBXFileSystemSynchronizedBuildFileExceptionSet;
			membershipExceptions = (
				Resources/Info.plist,
				Resources/Localize/GenerationScript,
				Resources/Localize/GenerationScript.swift,
				Vendor/SpringIndicator/LICENSE,
			);
			target = C7D4623E22CC73DF00E763DF /* AniLiberty */;
		};
		C72B5FB12CB11F4700AC89EE /* PBXFileSystemSynchronizedBuildFileExceptionSet */ = {
			isa = PBXFileSystemSynchronizedBuildFileExceptionSet;
			membershipExceptions = (
				MacApp.m,
			);
			target = 4880C21E23DACDCD006FABE1 /* MacBundle */;
		};
/* End PBXFileSystemSynchronizedBuildFileExceptionSet section */

/* Begin PBXFileSystemSynchronizedRootGroup section */
		C72B5E612CB11F3B00AC89EE /* Anilibria */ = {isa = PBXFileSystemSynchronizedRootGroup; exceptions = (C72B5FAB2CB11F3B00AC89EE /* PBXFileSystemSynchronizedBuildFileExceptionSet */, ); explicitFileTypes = {Classes/PresentationLayer/Modules/ActionSheet/ActionSheetContracts.swift = sourcecode.swift; Classes/PresentationLayer/Modules/ActionSheet/ActionSheetPresenter.swift = sourcecode.swift; Classes/PresentationLayer/Modules/ActionSheet/ActionSheetRouter.swift = sourcecode.swift; Classes/PresentationLayer/Modules/Catalog/MRCatalogAssembly.swift = sourcecode.swift; Classes/PresentationLayer/Modules/Catalog/MRCatalogContracts.swift = sourcecode.swift; Classes/PresentationLayer/Modules/Catalog/MRCatalogPresenter.swift = sourcecode.swift; Classes/PresentationLayer/Modules/Catalog/MRCatalogRouter.swift = sourcecode.swift; Classes/PresentationLayer/Modules/Catalog/MRCatalogView.swift = sourcecode.swift; Classes/PresentationLayer/Modules/Feed/MRFeedAssembly.swift = sourcecode.swift; Classes/PresentationLayer/Modules/Feed/MRFeedContracts.swift = sourcecode.swift; Classes/PresentationLayer/Modules/Feed/MRFeedPresenter.swift = sourcecode.swift; Classes/PresentationLayer/Modules/Feed/MRFeedRouter.swift = sourcecode.swift; Classes/PresentationLayer/Modules/Feed/MRFeedView.swift = sourcecode.swift; Classes/PresentationLayer/Modules/Filter/MRFilterAssembly.swift = sourcecode.swift; Classes/PresentationLayer/Modules/Filter/MRFilterContracts.swift = sourcecode.swift; Classes/PresentationLayer/Modules/Filter/MRFilterPresenter.swift = sourcecode.swift; Classes/PresentationLayer/Modules/Filter/MRFilterRouter.swift = sourcecode.swift; Classes/PresentationLayer/Modules/Filter/MRFilterView.swift = sourcecode.swift; Classes/PresentationLayer/Modules/History/MRHistoryAssembly.swift = sourcecode.swift; Classes/PresentationLayer/Modules/History/MRHistoryContracts.swift = sourcecode.swift; Classes/PresentationLayer/Modules/History/MRHistoryPresenter.swift = sourcecode.swift; Classes/PresentationLayer/Modules/History/MRHistoryRouter.swift = sourcecode.swift; Classes/PresentationLayer/Modules/History/MRHistoryView.swift = sourcecode.swift; Classes/PresentationLayer/Modules/MainContainer/MRMainContainerAssembly.swift = sourcecode.swift; Classes/PresentationLayer/Modules/MainContainer/MRMainContainerContracts.swift = sourcecode.swift; Classes/PresentationLayer/Modules/MainContainer/MRMainContainerPresenter.swift = sourcecode.swift; Classes/PresentationLayer/Modules/MainContainer/MRMainContainerRouter.swift = sourcecode.swift; Classes/PresentationLayer/Modules/MainContainer/MRMainContainerView.swift = sourcecode.swift; Classes/PresentationLayer/Modules/News/MRNewsAssembly.swift = sourcecode.swift; Classes/PresentationLayer/Modules/News/MRNewsContracts.swift = sourcecode.swift; Classes/PresentationLayer/Modules/News/MRNewsPresenter.swift = sourcecode.swift; Classes/PresentationLayer/Modules/News/MRNewsRouter.swift = sourcecode.swift; Classes/PresentationLayer/Modules/News/MRNewsView.swift = sourcecode.swift; Classes/PresentationLayer/Modules/Other/MROtherAssembly.swift = sourcecode.swift; Classes/PresentationLayer/Modules/Other/MROtherContracts.swift = sourcecode.swift; Classes/PresentationLayer/Modules/Other/MROtherPresenter.swift = sourcecode.swift; Classes/PresentationLayer/Modules/Other/MROtherRouter.swift = sourcecode.swift; Classes/PresentationLayer/Modules/Other/MROtherView.swift = sourcecode.swift; Classes/PresentationLayer/Modules/Player/MRPlayerAssembly.swift = sourcecode.swift; Classes/PresentationLayer/Modules/Player/MRPlayerRouter.swift = sourcecode.swift; Classes/PresentationLayer/Modules/Player/MRPlayerView.swift = sourcecode.swift; Classes/PresentationLayer/Modules/Player/PlayerViewModel.swift = sourcecode.swift; Classes/PresentationLayer/Modules/Schedule/MRScheduleAssembly.swift = sourcecode.swift; Classes/PresentationLayer/Modules/Schedule/MRScheduleContracts.swift = sourcecode.swift; Classes/PresentationLayer/Modules/Schedule/MRSchedulePresenter.swift = sourcecode.swift; Classes/PresentationLayer/Modules/Schedule/MRScheduleRouter.swift = sourcecode.swift; Classes/PresentationLayer/Modules/Schedule/MRScheduleView.swift = sourcecode.swift; Classes/PresentationLayer/Modules/Search/MRSearchAssembly.swift = sourcecode.swift; Classes/PresentationLayer/Modules/Search/MRSearchContracts.swift = sourcecode.swift; Classes/PresentationLayer/Modules/Search/MRSearchPresenter.swift = sourcecode.swift; Classes/PresentationLayer/Modules/Search/MRSearchRouter.swift = sourcecode.swift; Classes/PresentationLayer/Modules/Search/MRSearchView.swift = sourcecode.swift; Classes/PresentationLayer/Modules/Series/MRSeriesAssembly.swift = sourcecode.swift; Classes/PresentationLayer/Modules/Series/MRSeriesContracts.swift = sourcecode.swift; Classes/PresentationLayer/Modules/Series/MRSeriesPresenter.swift = sourcecode.swift; Classes/PresentationLayer/Modules/Series/MRSeriesRouter.swift = sourcecode.swift; Classes/PresentationLayer/Modules/Series/MRSeriesView.swift = sourcecode.swift; Classes/PresentationLayer/Modules/Settings/MRSettingsAssembly.swift = sourcecode.swift; Classes/PresentationLayer/Modules/Settings/MRSettingsContracts.swift = sourcecode.swift; Classes/PresentationLayer/Modules/Settings/MRSettingsPresenter.swift = sourcecode.swift; Classes/PresentationLayer/Modules/Settings/MRSettingsRouter.swift = sourcecode.swift; Classes/PresentationLayer/Modules/Settings/MRSettingsView.swift = sourcecode.swift; Classes/PresentationLayer/Modules/SignIn/MRSignInAssembly.swift = sourcecode.swift; Classes/PresentationLayer/Modules/SignIn/MRSignInContracts.swift = sourcecode.swift; Classes/PresentationLayer/Modules/SignIn/MRSignInPresenter.swift = sourcecode.swift; Classes/PresentationLayer/Modules/SignIn/MRSignInRouter.swift = sourcecode.swift; Classes/PresentationLayer/Modules/SignIn/MRSignInView.swift = sourcecode.swift; }; explicitFolders = (); path = Anilibria; sourceTree = "<group>"; };
		C72B5FAF2CB11F4700AC89EE /* MacBundle */ = {isa = PBXFileSystemSynchronizedRootGroup; exceptions = (C72B5FB12CB11F4700AC89EE /* PBXFileSystemSynchronizedBuildFileExceptionSet */, ); explicitFileTypes = {}; explicitFolders = (); path = MacBundle; sourceTree = "<group>"; };
/* End PBXFileSystemSynchronizedRootGroup section */

/* Begin PBXFrameworksBuildPhase section */
		4880C21C23DACDCD006FABE1 /* Frameworks */ = {
			isa = PBXFrameworksBuildPhase;
			buildActionMask = 2147483647;
			files = (
			);
			runOnlyForDeploymentPostprocessing = 0;
		};
		C7D4623C22CC73DF00E763DF /* Frameworks */ = {
			isa = PBXFrameworksBuildPhase;
			buildActionMask = 2147483647;
			files = (
				C72BFEED2B0F69160093FD64 /* DITranquillity in Frameworks */,
				C7F05CAA2E4EFC45006A021F /* AppMetricaCrashes in Frameworks */,
				C7F05CA82E4EFC45006A021F /* AppMetricaCore in Frameworks */,
				C72BFEEA2B0F687E0093FD64 /* Kingfisher in Frameworks */,
				C7B0F2CC22D6F0B100540CA9 /* WebKit.framework in Frameworks */,
			);
			runOnlyForDeploymentPostprocessing = 0;
		};
/* End PBXFrameworksBuildPhase section */

/* Begin PBXGroup section */
		1E00FA7C1790713686A9CDAF /* Frameworks */ = {
			isa = PBXGroup;
			children = (
				C7B0F2CB22D6F0B100540CA9 /* WebKit.framework */,
			);
			name = Frameworks;
			sourceTree = "<group>";
		};
		C7D4623622CC73DF00E763DF = {
			isa = PBXGroup;
			children = (
				C72B5E612CB11F3B00AC89EE /* Anilibria */,
				C72B5FAF2CB11F4700AC89EE /* MacBundle */,
				C7D4624022CC73DF00E763DF /* Products */,
				1E00FA7C1790713686A9CDAF /* Frameworks */,
			);
			sourceTree = "<group>";
		};
		C7D4624022CC73DF00E763DF /* Products */ = {
			isa = PBXGroup;
			children = (
				C7D4623F22CC73DF00E763DF /* AniLiberty.app */,
				4880C21F23DACDCD006FABE1 /* MacBundle.bundle */,
			);
			name = Products;
			sourceTree = "<group>";
		};
/* End PBXGroup section */

/* Begin PBXNativeTarget section */
		4880C21E23DACDCD006FABE1 /* MacBundle */ = {
			isa = PBXNativeTarget;
			buildConfigurationList = 4880C22223DACDCD006FABE1 /* Build configuration list for PBXNativeTarget "MacBundle" */;
			buildPhases = (
				4880C21B23DACDCD006FABE1 /* Sources */,
				4880C21C23DACDCD006FABE1 /* Frameworks */,
				4880C21D23DACDCD006FABE1 /* Resources */,
			);
			buildRules = (
			);
			dependencies = (
			);
			name = MacBundle;
			productName = MacBundle;
			productReference = 4880C21F23DACDCD006FABE1 /* MacBundle.bundle */;
			productType = "com.apple.product-type.bundle";
		};
		C7D4623E22CC73DF00E763DF /* AniLiberty */ = {
			isa = PBXNativeTarget;
			buildConfigurationList = C7D4625122CC73E100E763DF /* Build configuration list for PBXNativeTarget "AniLiberty" */;
			buildPhases = (
				C70D848E2DF06F05001ADEBE /* L10n */,
				C7D4623B22CC73DF00E763DF /* Sources */,
				C7D4623C22CC73DF00E763DF /* Frameworks */,
				C7D4623D22CC73DF00E763DF /* Resources */,
				4880C22F23DAD192006FABE1 /* Embed PlugIns */,
				46B82AAD2971956B003E450B /* Strip Script */,
			);
			buildRules = (
			);
			dependencies = (
				4880C22E23DAD192006FABE1 /* PBXTargetDependency */,
			);
			fileSystemSynchronizedGroups = (
				C72B5E612CB11F3B00AC89EE /* Anilibria */,
			);
			name = AniLiberty;
			packageProductDependencies = (
				C72BFEE92B0F687E0093FD64 /* Kingfisher */,
				C72BFEEC2B0F69160093FD64 /* DITranquillity */,
				C7F05CA72E4EFC45006A021F /* AppMetricaCore */,
				C7F05CA92E4EFC45006A021F /* AppMetricaCrashes */,
			);
			productName = Anilibria;
			productReference = C7D4623F22CC73DF00E763DF /* AniLiberty.app */;
			productType = "com.apple.product-type.application";
		};
/* End PBXNativeTarget section */

/* Begin PBXProject section */
		C7D4623722CC73DF00E763DF /* Project object */ = {
			isa = PBXProject;
			attributes = {
				BuildIndependentTargetsInParallel = YES;
				LastSwiftUpdateCheck = 1020;
				LastUpgradeCheck = 1640;
				ORGANIZATIONNAME = "Иван Морозов";
				TargetAttributes = {
					4880C21E23DACDCD006FABE1 = {
						CreatedOnToolsVersion = 11.3.1;
					};
					C7D4623E22CC73DF00E763DF = {
						CreatedOnToolsVersion = 10.2.1;
						SystemCapabilities = {
							com.apple.BackgroundModes = {
								enabled = 1;
							};
							com.apple.Push = {
								enabled = 1;
							};
						};
					};
				};
			};
			buildConfigurationList = C7D4623A22CC73DF00E763DF /* Build configuration list for PBXProject "Anilibria" */;
			compatibilityVersion = "Xcode 9.3";
			developmentRegion = en;
			hasScannedForEncodings = 0;
			knownRegions = (
				en,
				Base,
				ru,
			);
			mainGroup = C7D4623622CC73DF00E763DF;
			packageReferences = (
				C72BFEE82B0F687E0093FD64 /* XCRemoteSwiftPackageReference "Kingfisher" */,
				C72BFEEB2B0F69160093FD64 /* XCRemoteSwiftPackageReference "DITranquillity" */,
				C7F05CA62E4EFC45006A021F /* XCRemoteSwiftPackageReference "appmetrica-sdk-ios" */,
			);
			productRefGroup = C7D4624022CC73DF00E763DF /* Products */;
			projectDirPath = "";
			projectRoot = "";
			targets = (
				C7D4623E22CC73DF00E763DF /* AniLiberty */,
				4880C21E23DACDCD006FABE1 /* MacBundle */,
			);
		};
/* End PBXProject section */

/* Begin PBXResourcesBuildPhase section */
		4880C21D23DACDCD006FABE1 /* Resources */ = {
			isa = PBXResourcesBuildPhase;
			buildActionMask = 2147483647;
			files = (
			);
			runOnlyForDeploymentPostprocessing = 0;
		};
		C7D4623D22CC73DF00E763DF /* Resources */ = {
			isa = PBXResourcesBuildPhase;
			buildActionMask = 2147483647;
			files = (
			);
			runOnlyForDeploymentPostprocessing = 0;
		};
/* End PBXResourcesBuildPhase section */

/* Begin PBXShellScriptBuildPhase section */
		46B82AAD2971956B003E450B /* Strip Script */ = {
			isa = PBXShellScriptBuildPhase;
			alwaysOutOfDate = 1;
			buildActionMask = 2147483647;
			files = (
			);
			inputFileListPaths = (
			);
			inputPaths = (
			);
			name = "Strip Script";
			outputFileListPaths = (
			);
			outputPaths = (
			);
			runOnlyForDeploymentPostprocessing = 0;
			shellPath = /bin/sh;
			shellScript = "#!/bin/bash\nset -e\n\nif [ \"Release\" = \"${CONFIGURATION}\" ]; then\n    \n    # Path to the app directory\n    APP_DIR_PATH=\"${BUILT_PRODUCTS_DIR}/${EXECUTABLE_FOLDER_PATH}\"\n    # Strip main binary\n    strip -rSTx \"${APP_DIR_PATH}/${EXECUTABLE_NAME}\"\n    # Path to the Frameworks directory\n    APP_FRAMEWORKS_DIR=\"${APP_DIR_PATH}/Frameworks\"\n    \n    # Strip symbols from frameworks, if Frameworks/ exists at all\n    # ... as long as the framework is NOT signed by Apple\n    if [ -d \"$APP_FRAMEWORKS_DIR\" ]; then\n        find \"$APP_FRAMEWORKS_DIR\" -type f -perm +111 -maxdepth 2 -mindepth 2 -exec bash -c 'codesign -v -R=\"anchor apple\" \"{}\" &> /dev/null || (printf \"%s\\\\n\" \"{}\" && strip -rSTx \"{}\")' \\;\n    fi\n    # Re-sign binaries as necessary\nfi\n";
		};
		C70D848E2DF06F05001ADEBE /* L10n */ = {
			isa = PBXShellScriptBuildPhase;
			buildActionMask = 2147483647;
			files = (
			);
			inputFileListPaths = (
			);
			inputPaths = (
				"$(SRCROOT)/${PROJECT_NAME}/Resources/Localize/GenerationScript.swift",
				"$(SRCROOT)/${PROJECT_NAME}/Resources/Localize/Localizable.xcstrings",
			);
			name = L10n;
			outputFileListPaths = (
			);
			outputPaths = (
				"$(SRCROOT)/${PROJECT_NAME}/Resources/Localize/Localizable.swift",
			);
			runOnlyForDeploymentPostprocessing = 0;
			shellPath = /bin/sh;
			shellScript = "cd \"${SRCROOT}/${PROJECT_NAME}/Resources/Localize\"\nxcrun --sdk macosx swiftc -parse-as-library $SCRIPT_INPUT_FILE_0 \\\n  -o GenerationScript\n./GenerationScript\n";
		};
/* End PBXShellScriptBuildPhase section */

/* Begin PBXSourcesBuildPhase section */
		4880C21B23DACDCD006FABE1 /* Sources */ = {
			isa = PBXSourcesBuildPhase;
			buildActionMask = 2147483647;
			files = (
			);
			runOnlyForDeploymentPostprocessing = 0;
		};
		C7D4623B22CC73DF00E763DF /* Sources */ = {
			isa = PBXSourcesBuildPhase;
			buildActionMask = 2147483647;
			files = (
			);
			runOnlyForDeploymentPostprocessing = 0;
		};
/* End PBXSourcesBuildPhase section */

/* Begin PBXTargetDependency section */
		4880C22E23DAD192006FABE1 /* PBXTargetDependency */ = {
			isa = PBXTargetDependency;
			platformFilter = maccatalyst;
			target = 4880C21E23DACDCD006FABE1 /* MacBundle */;
			targetProxy = 4880C22D23DAD192006FABE1 /* PBXContainerItemProxy */;
		};
/* End PBXTargetDependency section */

/* Begin XCBuildConfiguration section */
		4880C22323DACDCD006FABE1 /* Debug */ = {
			isa = XCBuildConfiguration;
			buildSettings = {
				CODE_SIGN_STYLE = Automatic;
				COMBINE_HIDPI_IMAGES = YES;
				DEAD_CODE_STRIPPING = YES;
				DERIVE_MACCATALYST_PRODUCT_BUNDLE_IDENTIFIER = NO;
				INFOPLIST_FILE = MacBundle/Info.plist;
				INSTALL_PATH = "$(LOCAL_LIBRARY_DIR)/Bundles";
				MACOSX_DEPLOYMENT_TARGET = 10.15;
				PRODUCT_BUNDLE_IDENTIFIER = com.allui.MacBundle;
				PRODUCT_NAME = "$(TARGET_NAME)";
				SDKROOT = macosx;
				SKIP_INSTALL = YES;
				SUPPORTS_MACCATALYST = NO;
				WRAPPER_EXTENSION = bundle;
			};
			name = Debug;
		};
		4880C22423DACDCD006FABE1 /* Release */ = {
			isa = XCBuildConfiguration;
			buildSettings = {
				CODE_SIGN_STYLE = Automatic;
				COMBINE_HIDPI_IMAGES = YES;
				DEAD_CODE_STRIPPING = YES;
				DERIVE_MACCATALYST_PRODUCT_BUNDLE_IDENTIFIER = NO;
				INFOPLIST_FILE = MacBundle/Info.plist;
				INSTALL_PATH = "$(LOCAL_LIBRARY_DIR)/Bundles";
				MACOSX_DEPLOYMENT_TARGET = 10.15;
				PRODUCT_BUNDLE_IDENTIFIER = com.allui.MacBundle;
				PRODUCT_NAME = "$(TARGET_NAME)";
				SDKROOT = macosx;
				SKIP_INSTALL = YES;
				SUPPORTS_MACCATALYST = NO;
				WRAPPER_EXTENSION = bundle;
			};
			name = Release;
		};
		C7D4624F22CC73E100E763DF /* Debug */ = {
			isa = XCBuildConfiguration;
			buildSettings = {
				ALWAYS_SEARCH_USER_PATHS = NO;
				ASSETCATALOG_COMPILER_GENERATE_SWIFT_ASSET_SYMBOL_EXTENSIONS = YES;
				CLANG_ANALYZER_LOCALIZABILITY_NONLOCALIZED = YES;
				CLANG_ANALYZER_NONNULL = YES;
				CLANG_ANALYZER_NUMBER_OBJECT_CONVERSION = YES_AGGRESSIVE;
				CLANG_CXX_LANGUAGE_STANDARD = "gnu++14";
				CLANG_CXX_LIBRARY = "libc++";
				CLANG_ENABLE_MODULES = YES;
				CLANG_ENABLE_OBJC_ARC = YES;
				CLANG_ENABLE_OBJC_WEAK = YES;
				CLANG_WARN_BLOCK_CAPTURE_AUTORELEASING = YES;
				CLANG_WARN_BOOL_CONVERSION = YES;
				CLANG_WARN_COMMA = YES;
				CLANG_WARN_CONSTANT_CONVERSION = YES;
				CLANG_WARN_DEPRECATED_OBJC_IMPLEMENTATIONS = YES;
				CLANG_WARN_DIRECT_OBJC_ISA_USAGE = YES_ERROR;
				CLANG_WARN_DOCUMENTATION_COMMENTS = YES;
				CLANG_WARN_EMPTY_BODY = YES;
				CLANG_WARN_ENUM_CONVERSION = YES;
				CLANG_WARN_INFINITE_RECURSION = YES;
				CLANG_WARN_INT_CONVERSION = YES;
				CLANG_WARN_NON_LITERAL_NULL_CONVERSION = YES;
				CLANG_WARN_OBJC_IMPLICIT_RETAIN_SELF = YES;
				CLANG_WARN_OBJC_LITERAL_CONVERSION = YES;
				CLANG_WARN_OBJC_ROOT_CLASS = YES_ERROR;
				CLANG_WARN_QUOTED_INCLUDE_IN_FRAMEWORK_HEADER = YES;
				CLANG_WARN_RANGE_LOOP_ANALYSIS = YES;
				CLANG_WARN_STRICT_PROTOTYPES = YES;
				CLANG_WARN_SUSPICIOUS_MOVE = YES;
				CLANG_WARN_UNGUARDED_AVAILABILITY = YES_AGGRESSIVE;
				CLANG_WARN_UNREACHABLE_CODE = YES;
				CLANG_WARN__DUPLICATE_METHOD_MATCH = YES;
				CODE_SIGN_IDENTITY = "iPhone Developer";
				COPY_PHASE_STRIP = NO;
				DEBUG_INFORMATION_FORMAT = dwarf;
				DEVELOPMENT_TEAM = 9P3CNK2626;
				ENABLE_STRICT_OBJC_MSGSEND = YES;
				ENABLE_TESTABILITY = YES;
				ENABLE_USER_SCRIPT_SANDBOXING = YES;
				GCC_C_LANGUAGE_STANDARD = gnu11;
				GCC_DYNAMIC_NO_PIC = NO;
				GCC_NO_COMMON_BLOCKS = YES;
				GCC_OPTIMIZATION_LEVEL = 0;
				GCC_PREPROCESSOR_DEFINITIONS = (
					"DEBUG=1",
					"$(inherited)",
				);
				GCC_WARN_64_TO_32_BIT_CONVERSION = YES;
				GCC_WARN_ABOUT_RETURN_TYPE = YES_ERROR;
				GCC_WARN_UNDECLARED_SELECTOR = YES;
				GCC_WARN_UNINITIALIZED_AUTOS = YES_AGGRESSIVE;
				GCC_WARN_UNUSED_FUNCTION = YES;
				GCC_WARN_UNUSED_VARIABLE = YES;
				IPHONEOS_DEPLOYMENT_TARGET = 13.0;
				MTL_ENABLE_DEBUG_INFO = INCLUDE_SOURCE;
				MTL_FAST_MATH = YES;
				ONLY_ACTIVE_ARCH = YES;
				SDKROOT = iphoneos;
				SWIFT_ACTIVE_COMPILATION_CONDITIONS = DEBUG;
				SWIFT_EMIT_LOC_STRINGS = YES;
				SWIFT_OPTIMIZATION_LEVEL = "-Onone";
			};
			name = Debug;
		};
		C7D4625022CC73E100E763DF /* Release */ = {
			isa = XCBuildConfiguration;
			buildSettings = {
				ALWAYS_SEARCH_USER_PATHS = NO;
				ASSETCATALOG_COMPILER_GENERATE_SWIFT_ASSET_SYMBOL_EXTENSIONS = YES;
				CLANG_ANALYZER_LOCALIZABILITY_NONLOCALIZED = YES;
				CLANG_ANALYZER_NONNULL = YES;
				CLANG_ANALYZER_NUMBER_OBJECT_CONVERSION = YES_AGGRESSIVE;
				CLANG_CXX_LANGUAGE_STANDARD = "gnu++14";
				CLANG_CXX_LIBRARY = "libc++";
				CLANG_ENABLE_MODULES = YES;
				CLANG_ENABLE_OBJC_ARC = YES;
				CLANG_ENABLE_OBJC_WEAK = YES;
				CLANG_WARN_BLOCK_CAPTURE_AUTORELEASING = YES;
				CLANG_WARN_BOOL_CONVERSION = YES;
				CLANG_WARN_COMMA = YES;
				CLANG_WARN_CONSTANT_CONVERSION = YES;
				CLANG_WARN_DEPRECATED_OBJC_IMPLEMENTATIONS = YES;
				CLANG_WARN_DIRECT_OBJC_ISA_USAGE = YES_ERROR;
				CLANG_WARN_DOCUMENTATION_COMMENTS = YES;
				CLANG_WARN_EMPTY_BODY = YES;
				CLANG_WARN_ENUM_CONVERSION = YES;
				CLANG_WARN_INFINITE_RECURSION = YES;
				CLANG_WARN_INT_CONVERSION = YES;
				CLANG_WARN_NON_LITERAL_NULL_CONVERSION = YES;
				CLANG_WARN_OBJC_IMPLICIT_RETAIN_SELF = YES;
				CLANG_WARN_OBJC_LITERAL_CONVERSION = YES;
				CLANG_WARN_OBJC_ROOT_CLASS = YES_ERROR;
				CLANG_WARN_QUOTED_INCLUDE_IN_FRAMEWORK_HEADER = YES;
				CLANG_WARN_RANGE_LOOP_ANALYSIS = YES;
				CLANG_WARN_STRICT_PROTOTYPES = YES;
				CLANG_WARN_SUSPICIOUS_MOVE = YES;
				CLANG_WARN_UNGUARDED_AVAILABILITY = YES_AGGRESSIVE;
				CLANG_WARN_UNREACHABLE_CODE = YES;
				CLANG_WARN__DUPLICATE_METHOD_MATCH = YES;
				CODE_SIGN_IDENTITY = "iPhone Developer";
				COPY_PHASE_STRIP = NO;
				DEBUG_INFORMATION_FORMAT = "dwarf-with-dsym";
				DEVELOPMENT_TEAM = 9P3CNK2626;
				ENABLE_NS_ASSERTIONS = NO;
				ENABLE_STRICT_OBJC_MSGSEND = YES;
				ENABLE_USER_SCRIPT_SANDBOXING = YES;
				GCC_C_LANGUAGE_STANDARD = gnu11;
				GCC_NO_COMMON_BLOCKS = YES;
				GCC_WARN_64_TO_32_BIT_CONVERSION = YES;
				GCC_WARN_ABOUT_RETURN_TYPE = YES_ERROR;
				GCC_WARN_UNDECLARED_SELECTOR = YES;
				GCC_WARN_UNINITIALIZED_AUTOS = YES_AGGRESSIVE;
				GCC_WARN_UNUSED_FUNCTION = YES;
				GCC_WARN_UNUSED_VARIABLE = YES;
				IPHONEOS_DEPLOYMENT_TARGET = 13.0;
				MTL_ENABLE_DEBUG_INFO = NO;
				MTL_FAST_MATH = YES;
				SDKROOT = iphoneos;
				SWIFT_COMPILATION_MODE = wholemodule;
				SWIFT_EMIT_LOC_STRINGS = YES;
				SWIFT_OPTIMIZATION_LEVEL = "-O";
				VALIDATE_PRODUCT = YES;
			};
			name = Release;
		};
		C7D4625222CC73E100E763DF /* Debug */ = {
			isa = XCBuildConfiguration;
			buildSettings = {
				ASSETCATALOG_COMPILER_APPICON_NAME = AppIcon;
				CODE_SIGN_ENTITLEMENTS = Anilibria/Anilibria.entitlements;
				CODE_SIGN_STYLE = Automatic;
				CURRENT_PROJECT_VERSION = 46;
				DEBUG_INFORMATION_FORMAT = dwarf;
				ENABLE_USER_SCRIPT_SANDBOXING = NO;
				INFOPLIST_FILE = "$(SRCROOT)/Anilibria/Resources/Info.plist";
				INFOPLIST_KEY_CFBundleDisplayName = AniLiberty;
				INFOPLIST_KEY_LSApplicationCategoryType = "public.app-category.entertainment";
				IPHONEOS_DEPLOYMENT_TARGET = 13.0;
				LD_RUNPATH_SEARCH_PATHS = (
					"$(inherited)",
					"@executable_path/Frameworks",
				);
				MARKETING_VERSION = 2.6.0;
				PRODUCT_BUNDLE_IDENTIFIER = tv.anilibria.anilibria;
				PRODUCT_NAME = "$(TARGET_NAME)";
				SUPPORTED_PLATFORMS = "iphoneos iphonesimulator";
				SUPPORTS_MACCATALYST = YES;
				SUPPORTS_MAC_DESIGNED_FOR_IPHONE_IPAD = NO;
				SUPPORTS_XR_DESIGNED_FOR_IPHONE_IPAD = NO;
				SWIFT_VERSION = 5.0;
				TARGETED_DEVICE_FAMILY = "1,2";
			};
			name = Debug;
		};
		C7D4625322CC73E100E763DF /* Release */ = {
			isa = XCBuildConfiguration;
			buildSettings = {
				ASSETCATALOG_COMPILER_APPICON_NAME = AppIcon;
				CODE_SIGN_ENTITLEMENTS = Anilibria/Anilibria.entitlements;
				CODE_SIGN_STYLE = Automatic;
				CURRENT_PROJECT_VERSION = 46;
				ENABLE_USER_SCRIPT_SANDBOXING = NO;
				INFOPLIST_FILE = "$(SRCROOT)/Anilibria/Resources/Info.plist";
				INFOPLIST_KEY_CFBundleDisplayName = AniLiberty;
				INFOPLIST_KEY_LSApplicationCategoryType = "public.app-category.entertainment";
				IPHONEOS_DEPLOYMENT_TARGET = 13.0;
				LD_RUNPATH_SEARCH_PATHS = (
					"$(inherited)",
					"@executable_path/Frameworks",
				);
				MARKETING_VERSION = 2.6.0;
				ONLY_ACTIVE_ARCH = NO;
				PRODUCT_BUNDLE_IDENTIFIER = tv.anilibria.anilibria;
				PRODUCT_NAME = "$(TARGET_NAME)";
				SUPPORTED_PLATFORMS = "iphoneos iphonesimulator";
				SUPPORTS_MACCATALYST = YES;
				SUPPORTS_MAC_DESIGNED_FOR_IPHONE_IPAD = NO;
				SUPPORTS_XR_DESIGNED_FOR_IPHONE_IPAD = NO;
				SWIFT_VERSION = 5.0;
				TARGETED_DEVICE_FAMILY = "1,2";
			};
			name = Release;
		};
/* End XCBuildConfiguration section */

/* Begin XCConfigurationList section */
		4880C22223DACDCD006FABE1 /* Build configuration list for PBXNativeTarget "MacBundle" */ = {
			isa = XCConfigurationList;
			buildConfigurations = (
				4880C22323DACDCD006FABE1 /* Debug */,
				4880C22423DACDCD006FABE1 /* Release */,
			);
			defaultConfigurationIsVisible = 0;
			defaultConfigurationName = Release;
		};
		C7D4623A22CC73DF00E763DF /* Build configuration list for PBXProject "Anilibria" */ = {
			isa = XCConfigurationList;
			buildConfigurations = (
				C7D4624F22CC73E100E763DF /* Debug */,
				C7D4625022CC73E100E763DF /* Release */,
			);
			defaultConfigurationIsVisible = 0;
			defaultConfigurationName = Release;
		};
		C7D4625122CC73E100E763DF /* Build configuration list for PBXNativeTarget "AniLiberty" */ = {
			isa = XCConfigurationList;
			buildConfigurations = (
				C7D4625222CC73E100E763DF /* Debug */,
				C7D4625322CC73E100E763DF /* Release */,
			);
			defaultConfigurationIsVisible = 0;
			defaultConfigurationName = Release;
		};
/* End XCConfigurationList section */

/* Begin XCRemoteSwiftPackageReference section */
		C72BFEE82B0F687E0093FD64 /* XCRemoteSwiftPackageReference "Kingfisher" */ = {
			isa = XCRemoteSwiftPackageReference;
			repositoryURL = "https://github.com/onevcat/Kingfisher.git";
			requirement = {
				kind = exactVersion;
				version = 7.10.0;
			};
		};
		C72BFEEB2B0F69160093FD64 /* XCRemoteSwiftPackageReference "DITranquillity" */ = {
			isa = XCRemoteSwiftPackageReference;
			repositoryURL = "https://github.com/ivlevAstef/DITranquillity.git";
			requirement = {
				kind = exactVersion;
				version = 4.5.0;
			};
		};
		C7F05CA62E4EFC45006A021F /* XCRemoteSwiftPackageReference "appmetrica-sdk-ios" */ = {
			isa = XCRemoteSwiftPackageReference;
			repositoryURL = "https://github.com/appmetrica/appmetrica-sdk-ios";
			requirement = {
				kind = exactVersion;
				version = 5.12.0;
			};
		};
/* End XCRemoteSwiftPackageReference section */

/* Begin XCSwiftPackageProductDependency section */
		C72BFEE92B0F687E0093FD64 /* Kingfisher */ = {
			isa = XCSwiftPackageProductDependency;
			package = C72BFEE82B0F687E0093FD64 /* XCRemoteSwiftPackageReference "Kingfisher" */;
			productName = Kingfisher;
		};
		C72BFEEC2B0F69160093FD64 /* DITranquillity */ = {
			isa = XCSwiftPackageProductDependency;
			package = C72BFEEB2B0F69160093FD64 /* XCRemoteSwiftPackageReference "DITranquillity" */;
			productName = DITranquillity;
		};
		C7F05CA72E4EFC45006A021F /* AppMetricaCore */ = {
			isa = XCSwiftPackageProductDependency;
			package = C7F05CA62E4EFC45006A021F /* XCRemoteSwiftPackageReference "appmetrica-sdk-ios" */;
			productName = AppMetricaCore;
		};
		C7F05CA92E4EFC45006A021F /* AppMetricaCrashes */ = {
			isa = XCSwiftPackageProductDependency;
			package = C7F05CA62E4EFC45006A021F /* XCRemoteSwiftPackageReference "appmetrica-sdk-ios" */;
			productName = AppMetricaCrashes;
		};
/* End XCSwiftPackageProductDependency section */
	};
	rootObject = C7D4623722CC73DF00E763DF /* Project object */;
}
