PODS:
  - DITranquillity (4.3.5):
    - SwiftLazy (>= 1.1.6)
  - Kingfisher (7.4.1)
  - Localize-Swift (2.0.0)
  - lottie-ios (3.5.0)
  - SwiftLazy (1.1.9)
  - YandexMobileMetrica (3.9.2):
    - YandexMobileMetrica/Static (= 3.9.2)
  - YandexMobileMetrica/Static (3.9.2):
    - YandexMobileMetrica/Static/Core (= 3.9.2)
    - YandexMobileMetrica/Static/Crashes (= 3.9.2)
  - YandexMobileMetrica/Static/Core (3.9.2)
  - YandexMobileMetrica/Static/Crashes (3.9.2):
    - YandexMobileMetrica/Static/Core

DEPENDENCIES:
  - DITranquillity (= 4.3.5)
  - Kingfisher (= 7.4.1)
  - Localize-Swift (= 2.0.0)
  - lottie-ios (= 3.5.0)
  - YandexMobileMetrica

SPEC REPOS:
  trunk:
    - DITranquillity
    - Kingfisher
    - Localize-Swift
    - lottie-ios
    - SwiftLazy
    - YandexMobileMetrica

SPEC CHECKSUMS:
  DITranquillity: 6a80e6a1009b6149071817f28a586b1f6eed607b
  Kingfisher: cd762a593a61b2fbecf7645c00f9a801a3ebfc9c
  Localize-Swift: c798ec9286494866f7068f85f7c71283ac5bdab4
  lottie-ios: c55158d67d0629a260625cc2ded2052b829e3c3e
  SwiftLazy: 1657354f43dbd6a0a79e00ad67558d655c77bdc9
  YandexMobileMetrica: ea82087806f175981c9eccbb8e35f1d4ee35d788

PODFILE CHECKSUM: 779815a652378de78d627b3e99562f0bcec47935

COCOAPODS: 1.11.3
